
Microsoft Visual Studio Solution File, Format Version 12.00
# Visual Studio 15
Project("{FAE04EC0-301F-11D3-BF4B-00C04F79EFBC}") = "Assembly-CSharp", "Assembly-CSharp.csproj", "{CA847F5B-0779-C7C4-4677-59BC5872E382}"
EndProject
Project("{FAE04EC0-301F-11D3-BF4B-00C04F79EFBC}") = "Assembly-CSharp-Editor", "Assembly-CSharp-Editor.csproj", "{02F6A46E-5E8B-D32B-5AB9-FB3A66401EDF}"
EndProject
Global
	GlobalSection(SolutionConfigurationPlatforms) = preSolution
		Debug|Any CPU = Debug|Any CPU
		Release|Any CPU = Release|Any CPU
	EndGlobalSection
	GlobalSection(ProjectConfigurationPlatforms) = postSolution
		{CA847F5B-0779-C7C4-4677-59BC5872E382}.Debug|Any CPU.ActiveCfg = Debug|Any CPU
		{CA847F5B-0779-C7C4-4677-59BC5872E382}.Debug|Any CPU.Build.0 = Debug|Any CPU
		{CA847F5B-0779-C7C4-4677-59BC5872E382}.Release|Any CPU.ActiveCfg = Release|Any CPU
		{CA847F5B-0779-C7C4-4677-59BC5872E382}.Release|Any CPU.Build.0 = Release|Any CPU
		{02F6A46E-5E8B-D32B-5AB9-FB3A66401EDF}.Debug|Any CPU.ActiveCfg = Debug|Any CPU
		{02F6A46E-5E8B-D32B-5AB9-FB3A66401EDF}.Debug|Any CPU.Build.0 = Debug|Any CPU
		{02F6A46E-5E8B-D32B-5AB9-FB3A66401EDF}.Release|Any CPU.ActiveCfg = Release|Any CPU
		{02F6A46E-5E8B-D32B-5AB9-FB3A66401EDF}.Release|Any CPU.Build.0 = Release|Any CPU
	EndGlobalSection
	GlobalSection(SolutionProperties) = preSolution
		HideSolutionNode = FALSE
	EndGlobalSection
EndGlobal
